// !$*UTF8*$!
{
	archiveVersion = 1;
	classes = {
	};
	objectVersion = 54;
	objects = {

/* Begin PBXBuildFile section */
		AB00D21D25393C890001691A /* GameCell.swift in Sources */ = {isa = PBXBuildFile; fileRef = AB00D21C25393C890001691A /* GameCell.swift */; };
		AB00D22025394B010001691A /* GameState.swift in Sources */ = {isa = PBXBuildFile; fileRef = AB00D21F25394B010001691A /* GameState.swift */; };
		AB72F75A2537D8D70032C8D7 /* AppDelegate.swift in Sources */ = {isa = PBXBuildFile; fileRef = AB72F7592537D8D70032C8D7 /* AppDelegate.swift */; };
		AB72F75C2537D8D70032C8D7 /* SceneDelegate.swift in Sources */ = {isa = PBXBuildFile; fileRef = AB72F75B2537D8D70032C8D7 /* SceneDelegate.swift */; };
		AB72F75E2537D8D70032C8D7 /* ViewController.swift in Sources */ = {isa = PBXBuildFile; fileRef = AB72F75D2537D8D70032C8D7 /* ViewController.swift */; };
		AB72F7612537D8D70032C8D7 /* Main.storyboard in Resources */ = {isa = PBXBuildFile; fileRef = AB72F75F2537D8D70032C8D7 /* Main.storyboard */; };
		AB72F7632537D8D70032C8D7 /* Assets.xcassets in Resources */ = {isa = PBXBuildFile; fileRef = AB72F7622537D8D70032C8D7 /* Assets.xcassets */; };
		AB72F7662537D8D70032C8D7 /* LaunchScreen.storyboard in Resources */ = {isa = PBXBuildFile; fileRef = AB72F7642537D8D70032C8D7 /* LaunchScreen.storyboard */; };
/* End PBXBuildFile section */

/* Begin PBXFileReference section */
		AB00D21C25393C890001691A /* GameCell.swift */ = {isa = PBXFileReference; lastKnownFileType = sourcecode.swift; path = GameCell.swift; sourceTree = "<group>"; };
		AB00D21F25394B010001691A /* GameState.swift */ = {isa = PBXFileReference; lastKnownFileType = sourcecode.swift; path = GameState.swift; sourceTree = "<group>"; };
		AB72F7562537D8D70032C8D7 /* Game Of Life.app */ = {isa = PBXFileReference; explicitFileType = wrapper.application; includeInIndex = 0; path = "Game Of Life.app"; sourceTree = BUILT_PRODUCTS_DIR; };
		AB72F7592537D8D70032C8D7 /* AppDelegate.swift */ = {isa = PBXFileReference; lastKnownFileType = sourcecode.swift; path = AppDelegate.swift; sourceTree = "<group>"; };
		AB72F75B2537D8D70032C8D7 /* SceneDelegate.swift */ = {isa = PBXFileReference; lastKnownFileType = sourcecode.swift; path = SceneDelegate.swift; sourceTree = "<group>"; };
		AB72F75D2537D8D70032C8D7 /* ViewController.swift */ = {isa = PBXFileReference; lastKnownFileType = sourcecode.swift; path = ViewController.swift; sourceTree = "<group>"; };
		AB72F7602537D8D70032C8D7 /* Base */ = {isa = PBXFileReference; lastKnownFileType = file.storyboard; name = Base; path = Base.lproj/Main.storyboard; sourceTree = "<group>"; };
		AB72F7622537D8D70032C8D7 /* Assets.xcassets */ = {isa = PBXFileReference; lastKnownFileType = folder.assetcatalog; path = Assets.xcassets; sourceTree = "<group>"; };
		AB72F7652537D8D70032C8D7 /* Base */ = {isa = PBXFileReference; lastKnownFileType = file.storyboard; name = Base; path = Base.lproj/LaunchScreen.storyboard; sourceTree = "<group>"; };
		AB72F7672537D8D70032C8D7 /* Info.plist */ = {isa = PBXFileReference; lastKnownFileType = text.plist.xml; path = Info.plist; sourceTree = "<group>"; };
/* End PBXFileReference section */

/* Begin PBXFrameworksBuildPhase section */
		AB72F7532537D8D70032C8D7 /* Frameworks */ = {
			isa = PBXFrameworksBuildPhase;
			buildActionMask = 2147483647;
			files = (
			);
			runOnlyForDeploymentPostprocessing = 0;
		};
/* End PBXFrameworksBuildPhase section */

/* Begin PBXGroup section */
		AB72F74D2537D8D70032C8D7 = {
			isa = PBXGroup;
			children = (
				AB72F7582537D8D70032C8D7 /* Game Of Life */,
				AB72F7572537D8D70032C8D7 /* Products */,
			);
			sourceTree = "<group>";
		};
		AB72F7572537D8D70032C8D7 /* Products */ = {
			isa = PBXGroup;
			children = (
				AB72F7562537D8D70032C8D7 /* Game Of Life.app */,
			);
			name = Products;
			sourceTree = "<group>";
		};
		AB72F7582537D8D70032C8D7 /* Game Of Life */ = {
			isa = PBXGroup;
			children = (
				AB72F7672537D8D70032C8D7 /* Info.plist */,
				AB72F76F2537E34C0032C8D7 /* Models */,
				AB72F7722537E3770032C8D7 /* Resources */,
				AB72F7712537E3690032C8D7 /* Storyboards */,
				AB72F7702537E3550032C8D7 /* View Controllers */,
			);
			path = "Game Of Life";
			sourceTree = "<group>";
		};
		AB72F76F2537E34C0032C8D7 /* Models */ = {
			isa = PBXGroup;
			children = (
				AB00D21C25393C890001691A /* GameCell.swift */,
				AB00D21F25394B010001691A /* GameState.swift */,
			);
			path = Models;
			sourceTree = "<group>";
		};
		AB72F7702537E3550032C8D7 /* View Controllers */ = {
			isa = PBXGroup;
			children = (
				AB72F75D2537D8D70032C8D7 /* ViewController.swift */,
			);
			path = "View Controllers";
			sourceTree = "<group>";
		};
		AB72F7712537E3690032C8D7 /* Storyboards */ = {
			isa = PBXGroup;
			children = (
				AB72F75F2537D8D70032C8D7 /* Main.storyboard */,
				AB72F7642537D8D70032C8D7 /* LaunchScreen.storyboard */,
			);
			path = Storyboards;
			sourceTree = "<group>";
		};
		AB72F7722537E3770032C8D7 /* Resources */ = {
			isa = PBXGroup;
			children = (
				AB72F7592537D8D70032C8D7 /* AppDelegate.swift */,
				AB72F75B2537D8D70032C8D7 /* SceneDelegate.swift */,
				AB72F7622537D8D70032C8D7 /* Assets.xcassets */,
			);
			path = Resources;
			sourceTree = "<group>";
		};
/* End PBXGroup section */

/* Begin PBXNativeTarget section */
		AB72F7552537D8D70032C8D7 /* Game Of Life */ = {
			isa = PBXNativeTarget;
			buildConfigurationList = AB72F76A2537D8D70032C8D7 /* Build configuration list for PBXNativeTarget "Game Of Life" */;
			buildPhases = (
				AB72F7522537D8D70032C8D7 /* Sources */,
				AB72F7532537D8D70032C8D7 /* Frameworks */,
				AB72F7542537D8D70032C8D7 /* Resources */,
			);
			buildRules = (
			);
			dependencies = (
			);
			name = "Game Of Life";
			productName = "Game Of Life";
			productReference = AB72F7562537D8D70032C8D7 /* Game Of Life.app */;
			productType = "com.apple.product-type.application";
		};
/* End PBXNativeTarget section */

/* Begin PBXProject section */
		AB72F74E2537D8D70032C8D7 /* Project object */ = {
			isa = PBXProject;
			attributes = {
				LastSwiftUpdateCheck = 1200;
				LastUpgradeCheck = 1200;
				TargetAttributes = {
					AB72F7552537D8D70032C8D7 = {
						CreatedOnToolsVersion = 12.0.1;
					};
				};
			};
			buildConfigurationList = AB72F7512537D8D70032C8D7 /* Build configuration list for PBXProject "Game Of Life" */;
			compatibilityVersion = "Xcode 12.0";
			developmentRegion = en;
			hasScannedForEncodings = 0;
			knownRegions = (
				en,
				Base,
			);
			mainGroup = AB72F74D2537D8D70032C8D7;
			productRefGroup = AB72F7572537D8D70032C8D7 /* Products */;
			projectDirPath = "";
			projectRoot = "";
			targets = (
				AB72F7552537D8D70032C8D7 /* Game Of Life */,
			);
		};
/* End PBXProject section */

/* Begin PBXResourcesBuildPhase section */
		AB72F7542537D8D70032C8D7 /* Resources */ = {
			isa = PBXResourcesBuildPhase;
			buildActionMask = 2147483647;
			files = (
				AB72F7662537D8D70032C8D7 /* LaunchScreen.storyboard in Resources */,
				AB72F7632537D8D70032C8D7 /* Assets.xcassets in Resources */,
				AB72F7612537D8D70032C8D7 /* Main.storyboard in Resources */,
			);
			runOnlyForDeploymentPostprocessing = 0;
		};
/* End PBXResourcesBuildPhase section */

/* Begin PBXSourcesBuildPhase section */
		AB72F7522537D8D70032C8D7 /* Sources */ = {
			isa = PBXSourcesBuildPhase;
			buildActionMask = 2147483647;
			files = (
				AB72F75E2537D8D70032C8D7 /* ViewController.swift in Sources */,
				AB72F75A2537D8D70032C8D7 /* AppDelegate.swift in Sources */,
				AB00D22025394B010001691A /* GameState.swift in Sources */,
				AB72F75C2537D8D70032C8D7 /* SceneDelegate.swift in Sources */,
				AB00D21D25393C890001691A /* GameCell.swift in Sources */,
			);
			runOnlyForDeploymentPostprocessing = 0;
		};
/* End PBXSourcesBuildPhase section */

/* Begin PBXVariantGroup section */
		AB72F75F2537D8D70032C8D7 /* Main.storyboard */ = {
			isa = PBXVariantGroup;
			children = (
				AB72F7602537D8D70032C8D7 /* Base */,
			);
			name = Main.storyboard;
			sourceTree = "<group>";
		};
		AB72F7642537D8D70032C8D7 /* LaunchScreen.storyboard */ = {
			isa = PBXVariantGroup;
			children = (
				AB72F7652537D8D70032C8D7 /* Base */,
			);
			name = LaunchScreen.storyboard;
			sourceTree = "<group>";
		};
/* End PBXVariantGroup section */

/* Begin XCBuildConfiguration section */
		AB72F7682537D8D70032C8D7 /* Debug */ = {
			isa = XCBuildConfiguration;
			buildSettings = {
				ALWAYS_SEARCH_USER_PATHS = NO;
				CLANG_ANALYZER_NONNULL = YES;
				CLANG_ANALYZER_NUMBER_OBJECT_CONVERSION = YES_AGGRESSIVE;
				CLANG_CXX_LANGUAGE_STANDARD = "gnu++14";
				CLANG_CXX_LIBRARY = "libc++";
				CLANG_ENABLE_MODULES = YES;
				CLANG_ENABLE_OBJC_ARC = YES;
				CLANG_ENABLE_OBJC_WEAK = YES;
				CLANG_WARN_BLOCK_CAPTURE_AUTORELEASING = YES;
				CLANG_WARN_BOOL_CONVERSION = YES;
				CLANG_WARN_COMMA = YES;
				CLANG_WARN_CONSTANT_CONVERSION = YES;
				CLANG_WARN_DEPRECATED_OBJC_IMPLEMENTATIONS = YES;
				CLANG_WARN_DIRECT_OBJC_ISA_USAGE = YES_ERROR;
				CLANG_WARN_DOCUMENTATION_COMMENTS = YES;
				CLANG_WARN_EMPTY_BODY = YES;
				CLANG_WARN_ENUM_CONVERSION = YES;
				CLANG_WARN_INFINITE_RECURSION = YES;
				CLANG_WARN_INT_CONVERSION = YES;
				CLANG_WARN_NON_LITERAL_NULL_CONVERSION = YES;
				CLANG_WARN_OBJC_IMPLICIT_RETAIN_SELF = YES;
				CLANG_WARN_OBJC_LITERAL_CONVERSION = YES;
				CLANG_WARN_OBJC_ROOT_CLASS = YES_ERROR;
				CLANG_WARN_QUOTED_INCLUDE_IN_FRAMEWORK_HEADER = YES;
				CLANG_WARN_RANGE_LOOP_ANALYSIS = YES;
				CLANG_WARN_STRICT_PROTOTYPES = YES;
				CLANG_WARN_SUSPICIOUS_MOVE = YES;
				CLANG_WARN_UNGUARDED_AVAILABILITY = YES_AGGRESSIVE;
				CLANG_WARN_UNREACHABLE_CODE = YES;
				CLANG_WARN__DUPLICATE_METHOD_MATCH = YES;
				COPY_PHASE_STRIP = NO;
				DEBUG_INFORMATION_FORMAT = dwarf;
				ENABLE_STRICT_OBJC_MSGSEND = YES;
				ENABLE_TESTABILITY = YES;
				GCC_C_LANGUAGE_STANDARD = gnu11;
				GCC_DYNAMIC_NO_PIC = NO;
				GCC_NO_COMMON_BLOCKS = YES;
				GCC_OPTIMIZATION_LEVEL = 0;
				GCC_PREPROCESSOR_DEFINITIONS = (
					"DEBUG=1",
					"$(inherited)",
				);
				GCC_WARN_64_TO_32_BIT_CONVERSION = YES;
				GCC_WARN_ABOUT_RETURN_TYPE = YES_ERROR;
				GCC_WARN_UNDECLARED_SELECTOR = YES;
				GCC_WARN_UNINITIALIZED_AUTOS = YES_AGGRESSIVE;
				GCC_WARN_UNUSED_FUNCTION = YES;
				GCC_WARN_UNUSED_VARIABLE = YES;
				IPHONEOS_DEPLOYMENT_TARGET = 14.0;
				MTL_ENABLE_DEBUG_INFO = INCLUDE_SOURCE;
				MTL_FAST_MATH = YES;
				ONLY_ACTIVE_ARCH = YES;
				SDKROOT = iphoneos;
				SWIFT_ACTIVE_COMPILATION_CONDITIONS = DEBUG;
				SWIFT_OPTIMIZATION_LEVEL = "-Onone";
			};
			name = Debug;
		};
		AB72F7692537D8D70032C8D7 /* Release */ = {
			isa = XCBuildConfiguration;
			buildSettings = {
				ALWAYS_SEARCH_USER_PATHS = NO;
				CLANG_ANALYZER_NONNULL = YES;
				CLANG_ANALYZER_NUMBER_OBJECT_CONVERSION = YES_AGGRESSIVE;
				CLANG_CXX_LANGUAGE_STANDARD = "gnu++14";
				CLANG_CXX_LIBRARY = "libc++";
				CLANG_ENABLE_MODULES = YES;
				CLANG_ENABLE_OBJC_ARC = YES;
				CLANG_ENABLE_OBJC_WEAK = YES;
				CLANG_WARN_BLOCK_CAPTURE_AUTORELEASING = YES;
				CLANG_WARN_BOOL_CONVERSION = YES;
				CLANG_WARN_COMMA = YES;
				CLANG_WARN_CONSTANT_CONVERSION = YES;
				CLANG_WARN_DEPRECATED_OBJC_IMPLEMENTATIONS = YES;
				CLANG_WARN_DIRECT_OBJC_ISA_USAGE = YES_ERROR;
				CLANG_WARN_DOCUMENTATION_COMMENTS = YES;
				CLANG_WARN_EMPTY_BODY = YES;
				CLANG_WARN_ENUM_CONVERSION = YES;
				CLANG_WARN_INFINITE_RECURSION = YES;
				CLANG_WARN_INT_CONVERSION = YES;
				CLANG_WARN_NON_LITERAL_NULL_CONVERSION = YES;
				CLANG_WARN_OBJC_IMPLICIT_RETAIN_SELF = YES;
				CLANG_WARN_OBJC_LITERAL_CONVERSION = YES;
				CLANG_WARN_OBJC_ROOT_CLASS = YES_ERROR;
				CLANG_WARN_QUOTED_INCLUDE_IN_FRAMEWORK_HEADER = YES;
				CLANG_WARN_RANGE_LOOP_ANALYSIS = YES;
				CLANG_WARN_STRICT_PROTOTYPES = YES;
				CLANG_WARN_SUSPICIOUS_MOVE = YES;
				CLANG_WARN_UNGUARDED_AVAILABILITY = YES_AGGRESSIVE;
				CLANG_WARN_UNREACHABLE_CODE = YES;
				CLANG_WARN__DUPLICATE_METHOD_MATCH = YES;
				COPY_PHASE_STRIP = NO;
				DEBUG_INFORMATION_FORMAT = "dwarf-with-dsym";
				ENABLE_NS_ASSERTIONS = NO;
				ENABLE_STRICT_OBJC_MSGSEND = YES;
				GCC_C_LANGUAGE_STANDARD = gnu11;
				GCC_NO_COMMON_BLOCKS = YES;
				GCC_WARN_64_TO_32_BIT_CONVERSION = YES;
				GCC_WARN_ABOUT_RETURN_TYPE = YES_ERROR;
				GCC_WARN_UNDECLARED_SELECTOR = YES;
				GCC_WARN_UNINITIALIZED_AUTOS = YES_AGGRESSIVE;
				GCC_WARN_UNUSED_FUNCTION = YES;
				GCC_WARN_UNUSED_VARIABLE = YES;
				IPHONEOS_DEPLOYMENT_TARGET = 14.0;
				MTL_ENABLE_DEBUG_INFO = NO;
				MTL_FAST_MATH = YES;
				SDKROOT = iphoneos;
				SWIFT_COMPILATION_MODE = wholemodule;
				SWIFT_OPTIMIZATION_LEVEL = "-O";
				VALIDATE_PRODUCT = YES;
			};
			name = Release;
		};
		AB72F76B2537D8D70032C8D7 /* Debug */ = {
			isa = XCBuildConfiguration;
			buildSettings = {
				ASSETCATALOG_COMPILER_APPICON_NAME = AppIcon;
				ASSETCATALOG_COMPILER_GLOBAL_ACCENT_COLOR_NAME = AccentColor;
				CODE_SIGN_STYLE = Automatic;
				DEVELOPMENT_TEAM = 46XAGWCJPW;
				INFOPLIST_FILE = "Game Of Life/Info.plist";
				LD_RUNPATH_SEARCH_PATHS = (
					"$(inherited)",
					"@executable_path/Frameworks",
				);
				PRODUCT_BUNDLE_IDENTIFIER = "com.pravinpatel.Game-Of-Life";
				PRODUCT_NAME = "$(TARGET_NAME)";
				SWIFT_VERSION = 5.0;
				TARGETED_DEVICE_FAMILY = "1,2";
			};
			name = Debug;
		};
		AB72F76C2537D8D70032C8D7 /* Release */ = {
			isa = XCBuildConfiguration;
			buildSettings = {
				ASSETCATALOG_COMPILER_APPICON_NAME = AppIcon;
				ASSETCATALOG_COMPILER_GLOBAL_ACCENT_COLOR_NAME = AccentColor;
				CODE_SIGN_STYLE = Automatic;
				DEVELOPMENT_TEAM = 46XAGWCJPW;
				INFOPLIST_FILE = "Game Of Life/Info.plist";
				LD_RUNPATH_SEARCH_PATHS = (
					"$(inherited)",
					"@executable_path/Frameworks",
				);
				PRODUCT_BUNDLE_IDENTIFIER = "com.pravinpatel.Game-Of-Life";
				PRODUCT_NAME = "$(TARGET_NAME)";
				SWIFT_VERSION = 5.0;
				TARGETED_DEVICE_FAMILY = "1,2";
			};
			name = Release;
		};
/* End XCBuildConfiguration section */

/* Begin XCConfigurationList section */
		AB72F7512537D8D70032C8D7 /* Build configuration list for PBXProject "Game Of Life" */ = {
			isa = XCConfigurationList;
			buildConfigurations = (
				AB72F7682537D8D70032C8D7 /* Debug */,
				AB72F7692537D8D70032C8D7 /* Release */,
			);
			defaultConfigurationIsVisible = 0;
			defaultConfigurationName = Release;
		};
		AB72F76A2537D8D70032C8D7 /* Build configuration list for PBXNativeTarget "Game Of Life" */ = {
			isa = XCConfigurationList;
			buildConfigurations = (
				AB72F76B2537D8D70032C8D7 /* Debug */,
				AB72F76C2537D8D70032C8D7 /* Release */,
			);
			defaultConfigurationIsVisible = 0;
			defaultConfigurationName = Release;
		};
/* End XCConfigurationList section */
	};
	rootObject = AB72F74E2537D8D70032C8D7 /* Project object */;
}
